{
    "_readme": [
        "This file locks the dependencies of your project to a known state",
        "Read more about it at https://getcomposer.org/doc/01-basic-usage.md#installing-dependencies",
        "This file is @generated automatically"
    ],
    "content-hash": "29592b440667865a23a0b765f01c682c",
    "packages": [
        {
            "name": "justinlawrencems/quixotify",
            "version": "v1.0.3",
            "source": {
                "type": "git",
                "url": "https://github.com/JustinLawrenceMS/quixotify.git",
                "reference": "8cbe14edfb2d39055798f0b6223db81bff3dce2b"
            },
            "dist": {
                "type": "zip",
                "url": "https://api.github.com/repos/JustinLawrenceMS/quixotify/zipball/8cbe14edfb2d39055798f0b6223db81bff3dce2b",
                "reference": "8cbe14edfb2d39055798f0b6223db81bff3dce2b",
                "shasum": ""
            },
            "require": {
                "ext-pdo": "*",
                "php": "^8.0"
            },
            "require-dev": {
                "phpunit/phpunit": "^11.4"
            },
            "type": "library",
            "autoload": {
                "psr-4": {
                    "Quixotify\\": "src/"
                }
            },
            "notification-url": "https://packagist.org/downloads/",
            "license": [
                "MIT"
            ],
            "authors": [
                {
                    "name": "Justin Lawrence",
                    "email": "justin@chiclay.com"
                }
            ],
            "description": "A package to generate ipsum text from Don Quixote API",
            "keywords": [
                "don quixote",
                "ipsum",
                "text generator"
            ],
            "support": {
                "issues": "https://github.com/JustinLawrenceMS/quixotify/issues",
                "source": "https://github.com/JustinLawrenceMS/quixotify/tree/v1.0.3"
            },
            "time": "2024-11-21T07:01:14+00:00"
        }
    ],
    "packages-dev": [],
    "aliases": [],
    "minimum-stability": "stable",
    "stability-flags": {},
    "prefer-stable": false,
    "prefer-lowest": false,
    "platform": {
        "php": "^8.2"
    },
    "platform-dev": {},
    "plugin-api-version": "2.6.0"
}
